
Microsoft Visual Studio Solution File, Format Version 12.00
# Visual Studio Version 17
VisualStudioVersion = 17.1.32421.90
MinimumVisualStudioVersion = 10.0.40219.1
Project("{9A19103F-16F7-4668-BE54-9A1E7A4F7556}") = "MVVM", "MVVM.csproj", "{6D939637-BED7-4FCA-82AD-EEBAD4293AB2}"
EndProject
Project("{FAE04EC0-301F-11D3-BF4B-00C04F79EFBC}") = "MVVMTest.Tests", "..\MVVMTest.Tests\MVVMTest.Tests.csproj", "{12D4AF7A-12E4-4282-933E-D51CA0454E24}"
EndProject
Global
	GlobalSection(SolutionConfigurationPlatforms) = preSolution
		Debug|Any CPU = Debug|Any CPU
		Release|Any CPU = Release|Any CPU
	EndGlobalSection
	GlobalSection(ProjectConfigurationPlatforms) = postSolution
		{6D939637-BED7-4FCA-82AD-EEBAD4293AB2}.Debug|Any CPU.ActiveCfg = Debug|Any CPU
		{6D939637-BED7-4FCA-82AD-EEBAD4293AB2}.Debug|Any CPU.Build.0 = Debug|Any CPU
		{6D939637-BED7-4FCA-82AD-EEBAD4293AB2}.Release|Any CPU.ActiveCfg = Release|Any CPU
		{6D939637-BED7-4FCA-82AD-EEBAD4293AB2}.Release|Any CPU.Build.0 = Release|Any CPU
		{12D4AF7A-12E4-4282-933E-D51CA0454E24}.Debug|Any CPU.ActiveCfg = Debug|Any CPU
		{12D4AF7A-12E4-4282-933E-D51CA0454E24}.Debug|Any CPU.Build.0 = Debug|Any CPU
		{12D4AF7A-12E4-4282-933E-D51CA0454E24}.Release|Any CPU.ActiveCfg = Release|Any CPU
		{12D4AF7A-12E4-4282-933E-D51CA0454E24}.Release|Any CPU.Build.0 = Release|Any CPU
	EndGlobalSection
	GlobalSection(SolutionProperties) = preSolution
		HideSolutionNode = FALSE
	EndGlobalSection
	GlobalSection(ExtensibilityGlobals) = postSolution
		SolutionGuid = {310FC08F-7153-43AD-96AC-FBB3C82EA435}
	EndGlobalSection
EndGlobal
